
Microsoft Visual Studio Solution File, Format Version 12.00
# Visual Studio Version 16
VisualStudioVersion = 16.0.29306.81
MinimumVisualStudioVersion = 10.0.40219.1
Project("{FAE04EC0-301F-11D3-BF4B-00C04F79EFBC}") = "HTMLtoPDF-ConvertAPI", "HTMLtoPDF-ConvertAPI\HTMLtoPDF-ConvertAPI.csproj", "{969DD91D-81D7-4CCD-ABD9-B5E25646C6B0}"
EndProject
Global
	GlobalSection(SolutionConfigurationPlatforms) = preSolution
		Debug|Any CPU = Debug|Any CPU
		Release|Any CPU = Release|Any CPU
	EndGlobalSection
	GlobalSection(ProjectConfigurationPlatforms) = postSolution
		{969DD91D-81D7-4CCD-ABD9-B5E25646C6B0}.Debug|Any CPU.ActiveCfg = Debug|Any CPU
		{969DD91D-81D7-4CCD-ABD9-B5E25646C6B0}.Debug|Any CPU.Build.0 = Debug|Any CPU
		{969DD91D-81D7-4CCD-ABD9-B5E25646C6B0}.Release|Any CPU.ActiveCfg = Release|Any CPU
		{969DD91D-81D7-4CCD-ABD9-B5E25646C6B0}.Release|Any CPU.Build.0 = Release|Any CPU
	EndGlobalSection
	GlobalSection(SolutionProperties) = preSolution
		HideSolutionNode = FALSE
	EndGlobalSection
	GlobalSection(ExtensibilityGlobals) = postSolution
		SolutionGuid = {66476372-F027-4A93-A5F2-F7B9CC456BD6}
	EndGlobalSection
EndGlobal
